
Microsoft Visual Studio Solution File, Format Version 12.00
# Visual Studio 15
VisualStudioVersion = 15.0.26730.3
MinimumVisualStudioVersion = 10.0.40219.1
Project("{FAE04EC0-301F-11D3-BF4B-00C04F79EFBC}") = "Xoomerang.Android", "Xoomerang\Xoomerang.Android\Xoomerang.Android.csproj", "{6814B268-CE8F-4A4B-A5DC-F4F6ADA4391D}"
EndProject
Project("{FAE04EC0-301F-11D3-BF4B-00C04F79EFBC}") = "Xoomerang", "Xoomerang\Xoomerang\Xoomerang.csproj", "{BEF90654-7B82-4B39-9020-902C29AADAA6}"
EndProject
Project("{FAE04EC0-301F-11D3-BF4B-00C04F79EFBC}") = "Xoomerang.UWP", "Xoomerang\Xoomerang.UWP\Xoomerang.UWP.csproj", "{D7FA4B34-A856-43C9-AC3A-29B023BB1801}"
EndProject
Global
	GlobalSection(SolutionConfigurationPlatforms) = preSolution
		Ad-Hoc|Any CPU = Ad-Hoc|Any CPU
		Ad-Hoc|ARM = Ad-Hoc|ARM
		Ad-Hoc|iPhone = Ad-Hoc|iPhone
		Ad-Hoc|iPhoneSimulator = Ad-Hoc|iPhoneSimulator
		Ad-Hoc|x64 = Ad-Hoc|x64
		Ad-Hoc|x86 = Ad-Hoc|x86
		AppStore|Any CPU = AppStore|Any CPU
		AppStore|ARM = AppStore|ARM
		AppStore|iPhone = AppStore|iPhone
		AppStore|iPhoneSimulator = AppStore|iPhoneSimulator
		AppStore|x64 = AppStore|x64
		AppStore|x86 = AppStore|x86
		Debug|Any CPU = Debug|Any CPU
		Debug|ARM = Debug|ARM
		Debug|iPhone = Debug|iPhone
		Debug|iPhoneSimulator = Debug|iPhoneSimulator
		Debug|x64 = Debug|x64
		Debug|x86 = Debug|x86
		Release|Any CPU = Release|Any CPU
		Release|ARM = Release|ARM
		Release|iPhone = Release|iPhone
		Release|iPhoneSimulator = Release|iPhoneSimulator
		Release|x64 = Release|x64
		Release|x86 = Release|x86
	EndGlobalSection
	GlobalSection(ProjectConfigurationPlatforms) = postSolution
		{6814B268-CE8F-4A4B-A5DC-F4F6ADA4391D}.Ad-Hoc|Any CPU.ActiveCfg = Release|Any CPU
		{6814B268-CE8F-4A4B-A5DC-F4F6ADA4391D}.Ad-Hoc|Any CPU.Build.0 = Release|Any CPU
		{6814B268-CE8F-4A4B-A5DC-F4F6ADA4391D}.Ad-Hoc|Any CPU.Deploy.0 = Release|Any CPU
		{6814B268-CE8F-4A4B-A5DC-F4F6ADA4391D}.Ad-Hoc|ARM.ActiveCfg = Release|Any CPU
		{6814B268-CE8F-4A4B-A5DC-F4F6ADA4391D}.Ad-Hoc|ARM.Build.0 = Release|Any CPU
		{6814B268-CE8F-4A4B-A5DC-F4F6ADA4391D}.Ad-Hoc|ARM.Deploy.0 = Release|Any CPU
		{6814B268-CE8F-4A4B-A5DC-F4F6ADA4391D}.Ad-Hoc|iPhone.ActiveCfg = Release|Any CPU
		{6814B268-CE8F-4A4B-A5DC-F4F6ADA4391D}.Ad-Hoc|iPhone.Build.0 = Release|Any CPU
		{6814B268-CE8F-4A4B-A5DC-F4F6ADA4391D}.Ad-Hoc|iPhone.Deploy.0 = Release|Any CPU
		{6814B268-CE8F-4A4B-A5DC-F4F6ADA4391D}.Ad-Hoc|iPhoneSimulator.ActiveCfg = Release|Any CPU
		{6814B268-CE8F-4A4B-A5DC-F4F6ADA4391D}.Ad-Hoc|iPhoneSimulator.Build.0 = Release|Any CPU
		{6814B268-CE8F-4A4B-A5DC-F4F6ADA4391D}.Ad-Hoc|iPhoneSimulator.Deploy.0 = Release|Any CPU
		{6814B268-CE8F-4A4B-A5DC-F4F6ADA4391D}.Ad-Hoc|x64.ActiveCfg = Release|Any CPU
		{6814B268-CE8F-4A4B-A5DC-F4F6ADA4391D}.Ad-Hoc|x64.Build.0 = Release|Any CPU
		{6814B268-CE8F-4A4B-A5DC-F4F6ADA4391D}.Ad-Hoc|x64.Deploy.0 = Release|Any CPU
		{6814B268-CE8F-4A4B-A5DC-F4F6ADA4391D}.Ad-Hoc|x86.ActiveCfg = Release|Any CPU
		{6814B268-CE8F-4A4B-A5DC-F4F6ADA4391D}.Ad-Hoc|x86.Build.0 = Release|Any CPU
		{6814B268-CE8F-4A4B-A5DC-F4F6ADA4391D}.Ad-Hoc|x86.Deploy.0 = Release|Any CPU
		{6814B268-CE8F-4A4B-A5DC-F4F6ADA4391D}.AppStore|Any CPU.ActiveCfg = Release|Any CPU
		{6814B268-CE8F-4A4B-A5DC-F4F6ADA4391D}.AppStore|Any CPU.Build.0 = Release|Any CPU
		{6814B268-CE8F-4A4B-A5DC-F4F6ADA4391D}.AppStore|Any CPU.Deploy.0 = Release|Any CPU
		{6814B268-CE8F-4A4B-A5DC-F4F6ADA4391D}.AppStore|ARM.ActiveCfg = Release|Any CPU
		{6814B268-CE8F-4A4B-A5DC-F4F6ADA4391D}.AppStore|ARM.Build.0 = Release|Any CPU
		{6814B268-CE8F-4A4B-A5DC-F4F6ADA4391D}.AppStore|ARM.Deploy.0 = Release|Any CPU
		{6814B268-CE8F-4A4B-A5DC-F4F6ADA4391D}.AppStore|iPhone.ActiveCfg = Release|Any CPU
		{6814B268-CE8F-4A4B-A5DC-F4F6ADA4391D}.AppStore|iPhone.Build.0 = Release|Any CPU
		{6814B268-CE8F-4A4B-A5DC-F4F6ADA4391D}.AppStore|iPhone.Deploy.0 = Release|Any CPU
		{6814B268-CE8F-4A4B-A5DC-F4F6ADA4391D}.AppStore|iPhoneSimulator.ActiveCfg = Release|Any CPU
		{6814B268-CE8F-4A4B-A5DC-F4F6ADA4391D}.AppStore|iPhoneSimulator.Build.0 = Release|Any CPU
		{6814B268-CE8F-4A4B-A5DC-F4F6ADA4391D}.AppStore|iPhoneSimulator.Deploy.0 = Release|Any CPU
		{6814B268-CE8F-4A4B-A5DC-F4F6ADA4391D}.AppStore|x64.ActiveCfg = Release|Any CPU
		{6814B268-CE8F-4A4B-A5DC-F4F6ADA4391D}.AppStore|x64.Build.0 = Release|Any CPU
		{6814B268-CE8F-4A4B-A5DC-F4F6ADA4391D}.AppStore|x64.Deploy.0 = Release|Any CPU
		{6814B268-CE8F-4A4B-A5DC-F4F6ADA4391D}.AppStore|x86.ActiveCfg = Release|Any CPU
		{6814B268-CE8F-4A4B-A5DC-F4F6ADA4391D}.AppStore|x86.Build.0 = Release|Any CPU
		{6814B268-CE8F-4A4B-A5DC-F4F6ADA4391D}.AppStore|x86.Deploy.0 = Release|Any CPU
		{6814B268-CE8F-4A4B-A5DC-F4F6ADA4391D}.Debug|Any CPU.ActiveCfg = Debug|Any CPU
		{6814B268-CE8F-4A4B-A5DC-F4F6ADA4391D}.Debug|Any CPU.Build.0 = Debug|Any CPU
		{6814B268-CE8F-4A4B-A5DC-F4F6ADA4391D}.Debug|Any CPU.Deploy.0 = Debug|Any CPU
		{6814B268-CE8F-4A4B-A5DC-F4F6ADA4391D}.Debug|ARM.ActiveCfg = Debug|Any CPU
		{6814B268-CE8F-4A4B-A5DC-F4F6ADA4391D}.Debug|ARM.Build.0 = Debug|Any CPU
		{6814B268-CE8F-4A4B-A5DC-F4F6ADA4391D}.Debug|ARM.Deploy.0 = Debug|Any CPU
		{6814B268-CE8F-4A4B-A5DC-F4F6ADA4391D}.Debug|iPhone.ActiveCfg = Debug|Any CPU
		{6814B268-CE8F-4A4B-A5DC-F4F6ADA4391D}.Debug|iPhone.Build.0 = Debug|Any CPU
		{6814B268-CE8F-4A4B-A5DC-F4F6ADA4391D}.Debug|iPhone.Deploy.0 = Debug|Any CPU
		{6814B268-CE8F-4A4B-A5DC-F4F6ADA4391D}.Debug|iPhoneSimulator.ActiveCfg = Debug|Any CPU
		{6814B268-CE8F-4A4B-A5DC-F4F6ADA4391D}.Debug|iPhoneSimulator.Build.0 = Debug|Any CPU
		{6814B268-CE8F-4A4B-A5DC-F4F6ADA4391D}.Debug|iPhoneSimulator.Deploy.0 = Debug|Any CPU
		{6814B268-CE8F-4A4B-A5DC-F4F6ADA4391D}.Debug|x64.ActiveCfg = Debug|Any CPU
		{6814B268-CE8F-4A4B-A5DC-F4F6ADA4391D}.Debug|x64.Build.0 = Debug|Any CPU
		{6814B268-CE8F-4A4B-A5DC-F4F6ADA4391D}.Debug|x64.Deploy.0 = Debug|Any CPU
		{6814B268-CE8F-4A4B-A5DC-F4F6ADA4391D}.Debug|x86.ActiveCfg = Debug|Any CPU
		{6814B268-CE8F-4A4B-A5DC-F4F6ADA4391D}.Debug|x86.Build.0 = Debug|Any CPU
		{6814B268-CE8F-4A4B-A5DC-F4F6ADA4391D}.Debug|x86.Deploy.0 = Debug|Any CPU
		{6814B268-CE8F-4A4B-A5DC-F4F6ADA4391D}.Release|Any CPU.ActiveCfg = Release|Any CPU
		{6814B268-CE8F-4A4B-A5DC-F4F6ADA4391D}.Release|Any CPU.Build.0 = Release|Any CPU
		{6814B268-CE8F-4A4B-A5DC-F4F6ADA4391D}.Release|Any CPU.Deploy.0 = Release|Any CPU
		{6814B268-CE8F-4A4B-A5DC-F4F6ADA4391D}.Release|ARM.ActiveCfg = Release|Any CPU
		{6814B268-CE8F-4A4B-A5DC-F4F6ADA4391D}.Release|ARM.Build.0 = Release|Any CPU
		{6814B268-CE8F-4A4B-A5DC-F4F6ADA4391D}.Release|ARM.Deploy.0 = Release|Any CPU
		{6814B268-CE8F-4A4B-A5DC-F4F6ADA4391D}.Release|iPhone.ActiveCfg = Release|Any CPU
		{6814B268-CE8F-4A4B-A5DC-F4F6ADA4391D}.Release|iPhone.Build.0 = Release|Any CPU
		{6814B268-CE8F-4A4B-A5DC-F4F6ADA4391D}.Release|iPhone.Deploy.0 = Release|Any CPU
		{6814B268-CE8F-4A4B-A5DC-F4F6ADA4391D}.Release|iPhoneSimulator.ActiveCfg = Release|Any CPU
		{6814B268-CE8F-4A4B-A5DC-F4F6ADA4391D}.Release|iPhoneSimulator.Build.0 = Release|Any CPU
		{6814B268-CE8F-4A4B-A5DC-F4F6ADA4391D}.Release|iPhoneSimulator.Deploy.0 = Release|Any CPU
		{6814B268-CE8F-4A4B-A5DC-F4F6ADA4391D}.Release|x64.ActiveCfg = Release|Any CPU
		{6814B268-CE8F-4A4B-A5DC-F4F6ADA4391D}.Release|x64.Build.0 = Release|Any CPU
		{6814B268-CE8F-4A4B-A5DC-F4F6ADA4391D}.Release|x64.Deploy.0 = Release|Any CPU
		{6814B268-CE8F-4A4B-A5DC-F4F6ADA4391D}.Release|x86.ActiveCfg = Release|Any CPU
		{6814B268-CE8F-4A4B-A5DC-F4F6ADA4391D}.Release|x86.Build.0 = Release|Any CPU
		{6814B268-CE8F-4A4B-A5DC-F4F6ADA4391D}.Release|x86.Deploy.0 = Release|Any CPU
		{BEF90654-7B82-4B39-9020-902C29AADAA6}.Ad-Hoc|Any CPU.ActiveCfg = Release|Any CPU
		{BEF90654-7B82-4B39-9020-902C29AADAA6}.Ad-Hoc|Any CPU.Build.0 = Release|Any CPU
		{BEF90654-7B82-4B39-9020-902C29AADAA6}.Ad-Hoc|ARM.ActiveCfg = Release|Any CPU
		{BEF90654-7B82-4B39-9020-902C29AADAA6}.Ad-Hoc|ARM.Build.0 = Release|Any CPU
		{BEF90654-7B82-4B39-9020-902C29AADAA6}.Ad-Hoc|iPhone.ActiveCfg = Release|Any CPU
		{BEF90654-7B82-4B39-9020-902C29AADAA6}.Ad-Hoc|iPhone.Build.0 = Release|Any CPU
		{BEF90654-7B82-4B39-9020-902C29AADAA6}.Ad-Hoc|iPhoneSimulator.ActiveCfg = Release|Any CPU
		{BEF90654-7B82-4B39-9020-902C29AADAA6}.Ad-Hoc|iPhoneSimulator.Build.0 = Release|Any CPU
		{BEF90654-7B82-4B39-9020-902C29AADAA6}.Ad-Hoc|x64.ActiveCfg = Release|Any CPU
		{BEF90654-7B82-4B39-9020-902C29AADAA6}.Ad-Hoc|x64.Build.0 = Release|Any CPU
		{BEF90654-7B82-4B39-9020-902C29AADAA6}.Ad-Hoc|x86.ActiveCfg = Release|Any CPU
		{BEF90654-7B82-4B39-9020-902C29AADAA6}.Ad-Hoc|x86.Build.0 = Release|Any CPU
		{BEF90654-7B82-4B39-9020-902C29AADAA6}.AppStore|Any CPU.ActiveCfg = Release|Any CPU
		{BEF90654-7B82-4B39-9020-902C29AADAA6}.AppStore|Any CPU.Build.0 = Release|Any CPU
		{BEF90654-7B82-4B39-9020-902C29AADAA6}.AppStore|ARM.ActiveCfg = Release|Any CPU
		{BEF90654-7B82-4B39-9020-902C29AADAA6}.AppStore|ARM.Build.0 = Release|Any CPU
		{BEF90654-7B82-4B39-9020-902C29AADAA6}.AppStore|iPhone.ActiveCfg = Release|Any CPU
		{BEF90654-7B82-4B39-9020-902C29AADAA6}.AppStore|iPhone.Build.0 = Release|Any CPU
		{BEF90654-7B82-4B39-9020-902C29AADAA6}.AppStore|iPhoneSimulator.ActiveCfg = Release|Any CPU
		{BEF90654-7B82-4B39-9020-902C29AADAA6}.AppStore|iPhoneSimulator.Build.0 = Release|Any CPU
		{BEF90654-7B82-4B39-9020-902C29AADAA6}.AppStore|x64.ActiveCfg = Release|Any CPU
		{BEF90654-7B82-4B39-9020-902C29AADAA6}.AppStore|x64.Build.0 = Release|Any CPU
		{BEF90654-7B82-4B39-9020-902C29AADAA6}.AppStore|x86.ActiveCfg = Release|Any CPU
		{BEF90654-7B82-4B39-9020-902C29AADAA6}.AppStore|x86.Build.0 = Release|Any CPU
		{BEF90654-7B82-4B39-9020-902C29AADAA6}.Debug|Any CPU.ActiveCfg = Debug|Any CPU
		{BEF90654-7B82-4B39-9020-902C29AADAA6}.Debug|Any CPU.Build.0 = Debug|Any CPU
		{BEF90654-7B82-4B39-9020-902C29AADAA6}.Debug|ARM.ActiveCfg = Debug|Any CPU
		{BEF90654-7B82-4B39-9020-902C29AADAA6}.Debug|ARM.Build.0 = Debug|Any CPU
		{BEF90654-7B82-4B39-9020-902C29AADAA6}.Debug|iPhone.ActiveCfg = Debug|Any CPU
		{BEF90654-7B82-4B39-9020-902C29AADAA6}.Debug|iPhone.Build.0 = Debug|Any CPU
		{BEF90654-7B82-4B39-9020-902C29AADAA6}.Debug|iPhoneSimulator.ActiveCfg = Debug|Any CPU
		{BEF90654-7B82-4B39-9020-902C29AADAA6}.Debug|iPhoneSimulator.Build.0 = Debug|Any CPU
		{BEF90654-7B82-4B39-9020-902C29AADAA6}.Debug|x64.ActiveCfg = Debug|Any CPU
		{BEF90654-7B82-4B39-9020-902C29AADAA6}.Debug|x64.Build.0 = Debug|Any CPU
		{BEF90654-7B82-4B39-9020-902C29AADAA6}.Debug|x86.ActiveCfg = Debug|Any CPU
		{BEF90654-7B82-4B39-9020-902C29AADAA6}.Debug|x86.Build.0 = Debug|Any CPU
		{BEF90654-7B82-4B39-9020-902C29AADAA6}.Release|Any CPU.ActiveCfg = Release|Any CPU
		{BEF90654-7B82-4B39-9020-902C29AADAA6}.Release|Any CPU.Build.0 = Release|Any CPU
		{BEF90654-7B82-4B39-9020-902C29AADAA6}.Release|ARM.ActiveCfg = Release|Any CPU
		{BEF90654-7B82-4B39-9020-902C29AADAA6}.Release|ARM.Build.0 = Release|Any CPU
		{BEF90654-7B82-4B39-9020-902C29AADAA6}.Release|iPhone.ActiveCfg = Release|Any CPU
		{BEF90654-7B82-4B39-9020-902C29AADAA6}.Release|iPhone.Build.0 = Release|Any CPU
		{BEF90654-7B82-4B39-9020-902C29AADAA6}.Release|iPhoneSimulator.ActiveCfg = Release|Any CPU
		{BEF90654-7B82-4B39-9020-902C29AADAA6}.Release|iPhoneSimulator.Build.0 = Release|Any CPU
		{BEF90654-7B82-4B39-9020-902C29AADAA6}.Release|x64.ActiveCfg = Release|Any CPU
		{BEF90654-7B82-4B39-9020-902C29AADAA6}.Release|x64.Build.0 = Release|Any CPU
		{BEF90654-7B82-4B39-9020-902C29AADAA6}.Release|x86.ActiveCfg = Release|Any CPU
		{BEF90654-7B82-4B39-9020-902C29AADAA6}.Release|x86.Build.0 = Release|Any CPU
		{D7FA4B34-A856-43C9-AC3A-29B023BB1801}.Ad-Hoc|Any CPU.ActiveCfg = Release|x86
		{D7FA4B34-A856-43C9-AC3A-29B023BB1801}.Ad-Hoc|Any CPU.Build.0 = Release|x86
		{D7FA4B34-A856-43C9-AC3A-29B023BB1801}.Ad-Hoc|Any CPU.Deploy.0 = Release|x86
		{D7FA4B34-A856-43C9-AC3A-29B023BB1801}.Ad-Hoc|ARM.ActiveCfg = Release|ARM
		{D7FA4B34-A856-43C9-AC3A-29B023BB1801}.Ad-Hoc|ARM.Build.0 = Release|ARM
		{D7FA4B34-A856-43C9-AC3A-29B023BB1801}.Ad-Hoc|ARM.Deploy.0 = Release|ARM
		{D7FA4B34-A856-43C9-AC3A-29B023BB1801}.Ad-Hoc|iPhone.ActiveCfg = Release|x86
		{D7FA4B34-A856-43C9-AC3A-29B023BB1801}.Ad-Hoc|iPhone.Build.0 = Release|x86
		{D7FA4B34-A856-43C9-AC3A-29B023BB1801}.Ad-Hoc|iPhone.Deploy.0 = Release|x86
		{D7FA4B34-A856-43C9-AC3A-29B023BB1801}.Ad-Hoc|iPhoneSimulator.ActiveCfg = Release|x86
		{D7FA4B34-A856-43C9-AC3A-29B023BB1801}.Ad-Hoc|iPhoneSimulator.Build.0 = Release|x86
		{D7FA4B34-A856-43C9-AC3A-29B023BB1801}.Ad-Hoc|iPhoneSimulator.Deploy.0 = Release|x86
		{D7FA4B34-A856-43C9-AC3A-29B023BB1801}.Ad-Hoc|x64.ActiveCfg = Release|x64
		{D7FA4B34-A856-43C9-AC3A-29B023BB1801}.Ad-Hoc|x64.Build.0 = Release|x64
		{D7FA4B34-A856-43C9-AC3A-29B023BB1801}.Ad-Hoc|x64.Deploy.0 = Release|x64
		{D7FA4B34-A856-43C9-AC3A-29B023BB1801}.Ad-Hoc|x86.ActiveCfg = Release|x86
		{D7FA4B34-A856-43C9-AC3A-29B023BB1801}.Ad-Hoc|x86.Build.0 = Release|x86
		{D7FA4B34-A856-43C9-AC3A-29B023BB1801}.Ad-Hoc|x86.Deploy.0 = Release|x86
		{D7FA4B34-A856-43C9-AC3A-29B023BB1801}.AppStore|Any CPU.ActiveCfg = Release|x86
		{D7FA4B34-A856-43C9-AC3A-29B023BB1801}.AppStore|Any CPU.Build.0 = Release|x86
		{D7FA4B34-A856-43C9-AC3A-29B023BB1801}.AppStore|Any CPU.Deploy.0 = Release|x86
		{D7FA4B34-A856-43C9-AC3A-29B023BB1801}.AppStore|ARM.ActiveCfg = Release|ARM
		{D7FA4B34-A856-43C9-AC3A-29B023BB1801}.AppStore|ARM.Build.0 = Release|ARM
		{D7FA4B34-A856-43C9-AC3A-29B023BB1801}.AppStore|ARM.Deploy.0 = Release|ARM
		{D7FA4B34-A856-43C9-AC3A-29B023BB1801}.AppStore|iPhone.ActiveCfg = Release|x86
		{D7FA4B34-A856-43C9-AC3A-29B023BB1801}.AppStore|iPhone.Build.0 = Release|x86
		{D7FA4B34-A856-43C9-AC3A-29B023BB1801}.AppStore|iPhone.Deploy.0 = Release|x86
		{D7FA4B34-A856-43C9-AC3A-29B023BB1801}.AppStore|iPhoneSimulator.ActiveCfg = Release|x86
		{D7FA4B34-A856-43C9-AC3A-29B023BB1801}.AppStore|iPhoneSimulator.Build.0 = Release|x86
		{D7FA4B34-A856-43C9-AC3A-29B023BB1801}.AppStore|iPhoneSimulator.Deploy.0 = Release|x86
		{D7FA4B34-A856-43C9-AC3A-29B023BB1801}.AppStore|x64.ActiveCfg = Release|x64
		{D7FA4B34-A856-43C9-AC3A-29B023BB1801}.AppStore|x64.Build.0 = Release|x64
		{D7FA4B34-A856-43C9-AC3A-29B023BB1801}.AppStore|x64.Deploy.0 = Release|x64
		{D7FA4B34-A856-43C9-AC3A-29B023BB1801}.AppStore|x86.ActiveCfg = Release|x86
		{D7FA4B34-A856-43C9-AC3A-29B023BB1801}.AppStore|x86.Build.0 = Release|x86
		{D7FA4B34-A856-43C9-AC3A-29B023BB1801}.AppStore|x86.Deploy.0 = Release|x86
		{D7FA4B34-A856-43C9-AC3A-29B023BB1801}.Debug|Any CPU.ActiveCfg = Debug|x86
		{D7FA4B34-A856-43C9-AC3A-29B023BB1801}.Debug|ARM.ActiveCfg = Debug|ARM
		{D7FA4B34-A856-43C9-AC3A-29B023BB1801}.Debug|ARM.Build.0 = Debug|ARM
		{D7FA4B34-A856-43C9-AC3A-29B023BB1801}.Debug|ARM.Deploy.0 = Debug|ARM
		{D7FA4B34-A856-43C9-AC3A-29B023BB1801}.Debug|iPhone.ActiveCfg = Debug|x86
		{D7FA4B34-A856-43C9-AC3A-29B023BB1801}.Debug|iPhoneSimulator.ActiveCfg = Debug|x86
		{D7FA4B34-A856-43C9-AC3A-29B023BB1801}.Debug|x64.ActiveCfg = Debug|x64
		{D7FA4B34-A856-43C9-AC3A-29B023BB1801}.Debug|x64.Build.0 = Debug|x64
		{D7FA4B34-A856-43C9-AC3A-29B023BB1801}.Debug|x64.Deploy.0 = Debug|x64
		{D7FA4B34-A856-43C9-AC3A-29B023BB1801}.Debug|x86.ActiveCfg = Debug|x86
		{D7FA4B34-A856-43C9-AC3A-29B023BB1801}.Debug|x86.Build.0 = Debug|x86
		{D7FA4B34-A856-43C9-AC3A-29B023BB1801}.Debug|x86.Deploy.0 = Debug|x86
		{D7FA4B34-A856-43C9-AC3A-29B023BB1801}.Release|Any CPU.ActiveCfg = Release|x86
		{D7FA4B34-A856-43C9-AC3A-29B023BB1801}.Release|ARM.ActiveCfg = Release|ARM
		{D7FA4B34-A856-43C9-AC3A-29B023BB1801}.Release|ARM.Build.0 = Release|ARM
		{D7FA4B34-A856-43C9-AC3A-29B023BB1801}.Release|ARM.Deploy.0 = Release|ARM
		{D7FA4B34-A856-43C9-AC3A-29B023BB1801}.Release|iPhone.ActiveCfg = Release|x86
		{D7FA4B34-A856-43C9-AC3A-29B023BB1801}.Release|iPhoneSimulator.ActiveCfg = Release|x86
		{D7FA4B34-A856-43C9-AC3A-29B023BB1801}.Release|x64.ActiveCfg = Release|x64
		{D7FA4B34-A856-43C9-AC3A-29B023BB1801}.Release|x64.Build.0 = Release|x64
		{D7FA4B34-A856-43C9-AC3A-29B023BB1801}.Release|x64.Deploy.0 = Release|x64
		{D7FA4B34-A856-43C9-AC3A-29B023BB1801}.Release|x86.ActiveCfg = Release|x86
		{D7FA4B34-A856-43C9-AC3A-29B023BB1801}.Release|x86.Build.0 = Release|x86
		{D7FA4B34-A856-43C9-AC3A-29B023BB1801}.Release|x86.Deploy.0 = Release|x86
	EndGlobalSection
	GlobalSection(SolutionProperties) = preSolution
		HideSolutionNode = FALSE
	EndGlobalSection
	GlobalSection(ExtensibilityGlobals) = postSolution
		SolutionGuid = {798B4E85-EC54-4741-80AD-2FEBB1333E21}
	EndGlobalSection
EndGlobal
